
Microsoft Visual Studio Solution File, Format Version 12.00
# Visual Studio Version 17
VisualStudioVersion = 17.13.35806.99 d17.13
MinimumVisualStudioVersion = 10.0.40219.1
Project("{FAE04EC0-301F-11D3-BF4B-00C04F79EFBC}") = "PEAKERRpcInfo", "PEAKERRpcInfo.csproj", "{9FC01E9C-1241-4FCD-B134-AEC84B2C97A4}"
EndProject
Global
	GlobalSection(SolutionConfigurationPlatforms) = preSolution
		Debug|Any CPU = Debug|Any CPU
		Release|Any CPU = Release|Any CPU
	EndGlobalSection
	GlobalSection(ProjectConfigurationPlatforms) = postSolution
		{9FC01E9C-1241-4FCD-B134-AEC84B2C97A4}.Debug|Any CPU.ActiveCfg = Debug|Any CPU
		{9FC01E9C-1241-4FCD-B134-AEC84B2C97A4}.Debug|Any CPU.Build.0 = Debug|Any CPU
		{9FC01E9C-1241-4FCD-B134-AEC84B2C97A4}.Release|Any CPU.ActiveCfg = Release|Any CPU
		{9FC01E9C-1241-4FCD-B134-AEC84B2C97A4}.Release|Any CPU.Build.0 = Release|Any CPU
	EndGlobalSection
	GlobalSection(SolutionProperties) = preSolution
		HideSolutionNode = FALSE
	EndGlobalSection
	GlobalSection(ExtensibilityGlobals) = postSolution
		SolutionGuid = {DBC9E5E4-3431-4BAA-8624-EC290A38E794}
	EndGlobalSection
EndGlobal
